
Microsoft Visual Studio Solution File, Format Version 12.00
# Visual Studio Version 17
VisualStudioVersion = 17.3.32804.467
MinimumVisualStudioVersion = 10.0.40219.1
Project("{FAE04EC0-301F-11D3-BF4B-00C04F79EFBC}") = "case_4", "case_4.csproj", "{104AA22D-0400-48C2-A99C-7E297103143E}"
EndProject
Global
	GlobalSection(SolutionConfigurationPlatforms) = preSolution
		Debug|Any CPU = Debug|Any CPU
		Debug|x64 = Debug|x64
		Debug|x86 = Debug|x86
		Release|Any CPU = Release|Any CPU
		Release|x64 = Release|x64
		Release|x86 = Release|x86
	EndGlobalSection
	GlobalSection(ProjectConfigurationPlatforms) = postSolution
		{104AA22D-0400-48C2-A99C-7E297103143E}.Debug|Any CPU.ActiveCfg = Debug|Any CPU
		{104AA22D-0400-48C2-A99C-7E297103143E}.Debug|Any CPU.Build.0 = Debug|Any CPU
		{104AA22D-0400-48C2-A99C-7E297103143E}.Debug|x64.ActiveCfg = Debug|x64
		{104AA22D-0400-48C2-A99C-7E297103143E}.Debug|x64.Build.0 = Debug|x64
		{104AA22D-0400-48C2-A99C-7E297103143E}.Debug|x86.ActiveCfg = Debug|x86
		{104AA22D-0400-48C2-A99C-7E297103143E}.Debug|x86.Build.0 = Debug|x86
		{104AA22D-0400-48C2-A99C-7E297103143E}.Release|Any CPU.ActiveCfg = Release|Any CPU
		{104AA22D-0400-48C2-A99C-7E297103143E}.Release|Any CPU.Build.0 = Release|Any CPU
		{104AA22D-0400-48C2-A99C-7E297103143E}.Release|x64.ActiveCfg = Release|x64
		{104AA22D-0400-48C2-A99C-7E297103143E}.Release|x64.Build.0 = Release|x64
		{104AA22D-0400-48C2-A99C-7E297103143E}.Release|x86.ActiveCfg = Release|x86
		{104AA22D-0400-48C2-A99C-7E297103143E}.Release|x86.Build.0 = Release|x86
	EndGlobalSection
	GlobalSection(SolutionProperties) = preSolution
		HideSolutionNode = FALSE
	EndGlobalSection
	GlobalSection(ExtensibilityGlobals) = postSolution
		SolutionGuid = {AF9FBCB8-31D3-443E-9976-CA94B3056CB1}
	EndGlobalSection
EndGlobal
